
Microsoft Visual Studio Solution File, Format Version 12.00
# Visual Studio Version 17
VisualStudioVersion = 17.2.32526.322
MinimumVisualStudioVersion = 10.0.40219.1
Project("{8BC9CEB8-8B4A-11D0-8D11-00A0C91BC942}") = "announce", "announce.vcxproj", "{D668C86B-F6EB-4E44-8DC8-D823795A1DF0}"
EndProject
Global
	GlobalSection(SolutionConfigurationPlatforms) = preSolution
		Debug|x86 = Debug|x86
		Release|x86 = Release|x86
	EndGlobalSection
	GlobalSection(ProjectConfigurationPlatforms) = postSolution
		{D668C86B-F6EB-4E44-8DC8-D823795A1DF0}.Debug|x86.ActiveCfg = Debug|Win32
		{D668C86B-F6EB-4E44-8DC8-D823795A1DF0}.Debug|x86.Build.0 = Debug|Win32
		{D668C86B-F6EB-4E44-8DC8-D823795A1DF0}.Release|x86.ActiveCfg = Release|Win32
		{D668C86B-F6EB-4E44-8DC8-D823795A1DF0}.Release|x86.Build.0 = Release|Win32
	EndGlobalSection
	GlobalSection(SolutionProperties) = preSolution
		HideSolutionNode = FALSE
	EndGlobalSection
	GlobalSection(ExtensibilityGlobals) = postSolution
		SolutionGuid = {209E1DFC-15D8-4A82-8810-45C520261BAA}
	EndGlobalSection
EndGlobal
